# This file is automatically @generated by Cargo.
# It is not intended for manual editing.
version = 3

[[package]]
name = "markdown"
version = "1.0.0-alpha.8"
source = "registry+https://github.com/rust-lang/crates.io-index"
checksum = "90dc06f03f6231d979d6bc10edfd12f407564910d74438eb163d6f6f1f0ee582"
dependencies = [
 "unicode-id",
]

[[package]]
name = "rustdown"
version = "0.1.0"
dependencies = [
 "markdown",
]

[[package]]
name = "unicode-id"
version = "0.3.3"
source = "registry+https://github.com/rust-lang/crates.io-index"
checksum = "d70b6494226b36008c8366c288d77190b3fad2eb4c10533139c1c1f461127f1a"
